
Microsoft Visual Studio Solution File, Format Version 12.00
# Visual Studio Version 17
VisualStudioVersion = 17.0.32112.339
MinimumVisualStudioVersion = 10.0.40219.1
Project("{FAE04EC0-301F-11D3-BF4B-00C04F79EFBC}") = "Matrix_calc", "Matrix_calc\Matrix_calc.csproj", "{9496FA40-385A-436E-BCA6-4F400A2550D8}"
EndProject
Global
	GlobalSection(SolutionConfigurationPlatforms) = preSolution
		Debug|Any CPU = Debug|Any CPU
		Release|Any CPU = Release|Any CPU
	EndGlobalSection
	GlobalSection(ProjectConfigurationPlatforms) = postSolution
		{9496FA40-385A-436E-BCA6-4F400A2550D8}.Debug|Any CPU.ActiveCfg = Debug|Any CPU
		{9496FA40-385A-436E-BCA6-4F400A2550D8}.Debug|Any CPU.Build.0 = Debug|Any CPU
		{9496FA40-385A-436E-BCA6-4F400A2550D8}.Release|Any CPU.ActiveCfg = Release|Any CPU
		{9496FA40-385A-436E-BCA6-4F400A2550D8}.Release|Any CPU.Build.0 = Release|Any CPU
	EndGlobalSection
	GlobalSection(SolutionProperties) = preSolution
		HideSolutionNode = FALSE
	EndGlobalSection
	GlobalSection(ExtensibilityGlobals) = postSolution
		SolutionGuid = {3AAF3AD0-2A22-4921-B620-DF5235AB1EF8}
	EndGlobalSection
EndGlobal
